
Microsoft Visual Studio Solution File, Format Version 12.00
# Visual Studio Version 17
VisualStudioVersion = 17.5.002.0
MinimumVisualStudioVersion = 10.0.40219.1
Project("{9A19103F-16F7-4668-BE54-9A1E7A4F7556}") = "InvoiceAPI", "InvoiceAPI.csproj", "{649A1F1B-7E85-4A6C-BC16-8A4B6D4C3115}"
EndProject
Global
	GlobalSection(SolutionConfigurationPlatforms) = preSolution
		Debug|Any CPU = Debug|Any CPU
		Release|Any CPU = Release|Any CPU
	EndGlobalSection
	GlobalSection(ProjectConfigurationPlatforms) = postSolution
		{649A1F1B-7E85-4A6C-BC16-8A4B6D4C3115}.Debug|Any CPU.ActiveCfg = Debug|Any CPU
		{649A1F1B-7E85-4A6C-BC16-8A4B6D4C3115}.Debug|Any CPU.Build.0 = Debug|Any CPU
		{649A1F1B-7E85-4A6C-BC16-8A4B6D4C3115}.Release|Any CPU.ActiveCfg = Release|Any CPU
		{649A1F1B-7E85-4A6C-BC16-8A4B6D4C3115}.Release|Any CPU.Build.0 = Release|Any CPU
	EndGlobalSection
	GlobalSection(SolutionProperties) = preSolution
		HideSolutionNode = FALSE
	EndGlobalSection
	GlobalSection(ExtensibilityGlobals) = postSolution
		SolutionGuid = {F0B4B46A-8C80-49BC-8A39-43DD30F5B3EB}
	EndGlobalSection
EndGlobal
